
Microsoft Visual Studio Solution File, Format Version 12.00
# Visual Studio Version 16
VisualStudioVersion = 16.0.30011.22
MinimumVisualStudioVersion = 10.0.40219.1
Project("{8BC9CEB8-8B4A-11D0-8D11-00A0C91BC942}") = "두개뽑아서더하기", "두개뽑아서더하기\두개뽑아서더하기.vcxproj", "{39AD1E0D-9E86-484B-9FC7-DA1183F6F206}"
EndProject
Project("{8BC9CEB8-8B4A-11D0-8D11-00A0C91BC942}") = "크레인_인형뽑기_게임", "크레인_인형뽑기_게임\크레인_인형뽑기_게임.vcxproj", "{ACD2A054-AEF4-4704-A543-4E18717E8D60}"
EndProject
Project("{8BC9CEB8-8B4A-11D0-8D11-00A0C91BC942}") = "완주하지_못한_선수", "완주하지_못한_선수\완주하지_못한_선수.vcxproj", "{22075B38-5F07-4F3B-A582-E4D7090E2F89}"
EndProject
Project("{8BC9CEB8-8B4A-11D0-8D11-00A0C91BC942}") = "체육복", "체육복\체육복.vcxproj", "{BC094617-93B5-4882-B646-859A7F293A87}"
EndProject
Project("{8BC9CEB8-8B4A-11D0-8D11-00A0C91BC942}") = "같은_숫자는_싫어", "같은_숫자는_싫어\같은_숫자는_싫어.vcxproj", "{3DC971CE-8983-474D-8BC4-6E9AF8E58E51}"
EndProject
Project("{8BC9CEB8-8B4A-11D0-8D11-00A0C91BC942}") = "모의고사", "모의고사\모의고사.vcxproj", "{8A7D5593-EBC5-4875-8531-7BC52FDBC519}"
EndProject
Project("{8BC9CEB8-8B4A-11D0-8D11-00A0C91BC942}") = "시저 암호", "시저 암호\시저 암호.vcxproj", "{6F72A832-167A-46B9-A7DA-4BA720A21FBE}"
EndProject
Global
	GlobalSection(SolutionConfigurationPlatforms) = preSolution
		Debug|x64 = Debug|x64
		Debug|x86 = Debug|x86
		Release|x64 = Release|x64
		Release|x86 = Release|x86
	EndGlobalSection
	GlobalSection(ProjectConfigurationPlatforms) = postSolution
		{39AD1E0D-9E86-484B-9FC7-DA1183F6F206}.Debug|x64.ActiveCfg = Debug|x64
		{39AD1E0D-9E86-484B-9FC7-DA1183F6F206}.Debug|x64.Build.0 = Debug|x64
		{39AD1E0D-9E86-484B-9FC7-DA1183F6F206}.Debug|x86.ActiveCfg = Debug|Win32
		{39AD1E0D-9E86-484B-9FC7-DA1183F6F206}.Debug|x86.Build.0 = Debug|Win32
		{39AD1E0D-9E86-484B-9FC7-DA1183F6F206}.Release|x64.ActiveCfg = Release|x64
		{39AD1E0D-9E86-484B-9FC7-DA1183F6F206}.Release|x64.Build.0 = Release|x64
		{39AD1E0D-9E86-484B-9FC7-DA1183F6F206}.Release|x86.ActiveCfg = Release|Win32
		{39AD1E0D-9E86-484B-9FC7-DA1183F6F206}.Release|x86.Build.0 = Release|Win32
		{ACD2A054-AEF4-4704-A543-4E18717E8D60}.Debug|x64.ActiveCfg = Debug|x64
		{ACD2A054-AEF4-4704-A543-4E18717E8D60}.Debug|x64.Build.0 = Debug|x64
		{ACD2A054-AEF4-4704-A543-4E18717E8D60}.Debug|x86.ActiveCfg = Debug|Win32
		{ACD2A054-AEF4-4704-A543-4E18717E8D60}.Debug|x86.Build.0 = Debug|Win32
		{ACD2A054-AEF4-4704-A543-4E18717E8D60}.Release|x64.ActiveCfg = Release|x64
		{ACD2A054-AEF4-4704-A543-4E18717E8D60}.Release|x64.Build.0 = Release|x64
		{ACD2A054-AEF4-4704-A543-4E18717E8D60}.Release|x86.ActiveCfg = Release|Win32
		{ACD2A054-AEF4-4704-A543-4E18717E8D60}.Release|x86.Build.0 = Release|Win32
		{22075B38-5F07-4F3B-A582-E4D7090E2F89}.Debug|x64.ActiveCfg = Debug|x64
		{22075B38-5F07-4F3B-A582-E4D7090E2F89}.Debug|x64.Build.0 = Debug|x64
		{22075B38-5F07-4F3B-A582-E4D7090E2F89}.Debug|x86.ActiveCfg = Debug|Win32
		{22075B38-5F07-4F3B-A582-E4D7090E2F89}.Debug|x86.Build.0 = Debug|Win32
		{22075B38-5F07-4F3B-A582-E4D7090E2F89}.Release|x64.ActiveCfg = Release|x64
		{22075B38-5F07-4F3B-A582-E4D7090E2F89}.Release|x64.Build.0 = Release|x64
		{22075B38-5F07-4F3B-A582-E4D7090E2F89}.Release|x86.ActiveCfg = Release|Win32
		{22075B38-5F07-4F3B-A582-E4D7090E2F89}.Release|x86.Build.0 = Release|Win32
		{BC094617-93B5-4882-B646-859A7F293A87}.Debug|x64.ActiveCfg = Debug|x64
		{BC094617-93B5-4882-B646-859A7F293A87}.Debug|x64.Build.0 = Debug|x64
		{BC094617-93B5-4882-B646-859A7F293A87}.Debug|x86.ActiveCfg = Debug|Win32
		{BC094617-93B5-4882-B646-859A7F293A87}.Debug|x86.Build.0 = Debug|Win32
		{BC094617-93B5-4882-B646-859A7F293A87}.Release|x64.ActiveCfg = Release|x64
		{BC094617-93B5-4882-B646-859A7F293A87}.Release|x64.Build.0 = Release|x64
		{BC094617-93B5-4882-B646-859A7F293A87}.Release|x86.ActiveCfg = Release|Win32
		{BC094617-93B5-4882-B646-859A7F293A87}.Release|x86.Build.0 = Release|Win32
		{3DC971CE-8983-474D-8BC4-6E9AF8E58E51}.Debug|x64.ActiveCfg = Debug|x64
		{3DC971CE-8983-474D-8BC4-6E9AF8E58E51}.Debug|x64.Build.0 = Debug|x64
		{3DC971CE-8983-474D-8BC4-6E9AF8E58E51}.Debug|x86.ActiveCfg = Debug|Win32
		{3DC971CE-8983-474D-8BC4-6E9AF8E58E51}.Debug|x86.Build.0 = Debug|Win32
		{3DC971CE-8983-474D-8BC4-6E9AF8E58E51}.Release|x64.ActiveCfg = Release|x64
		{3DC971CE-8983-474D-8BC4-6E9AF8E58E51}.Release|x64.Build.0 = Release|x64
		{3DC971CE-8983-474D-8BC4-6E9AF8E58E51}.Release|x86.ActiveCfg = Release|Win32
		{3DC971CE-8983-474D-8BC4-6E9AF8E58E51}.Release|x86.Build.0 = Release|Win32
		{8A7D5593-EBC5-4875-8531-7BC52FDBC519}.Debug|x64.ActiveCfg = Debug|x64
		{8A7D5593-EBC5-4875-8531-7BC52FDBC519}.Debug|x64.Build.0 = Debug|x64
		{8A7D5593-EBC5-4875-8531-7BC52FDBC519}.Debug|x86.ActiveCfg = Debug|Win32
		{8A7D5593-EBC5-4875-8531-7BC52FDBC519}.Debug|x86.Build.0 = Debug|Win32
		{8A7D5593-EBC5-4875-8531-7BC52FDBC519}.Release|x64.ActiveCfg = Release|x64
		{8A7D5593-EBC5-4875-8531-7BC52FDBC519}.Release|x64.Build.0 = Release|x64
		{8A7D5593-EBC5-4875-8531-7BC52FDBC519}.Release|x86.ActiveCfg = Release|Win32
		{8A7D5593-EBC5-4875-8531-7BC52FDBC519}.Release|x86.Build.0 = Release|Win32
		{6F72A832-167A-46B9-A7DA-4BA720A21FBE}.Debug|x64.ActiveCfg = Debug|x64
		{6F72A832-167A-46B9-A7DA-4BA720A21FBE}.Debug|x64.Build.0 = Debug|x64
		{6F72A832-167A-46B9-A7DA-4BA720A21FBE}.Debug|x86.ActiveCfg = Debug|Win32
		{6F72A832-167A-46B9-A7DA-4BA720A21FBE}.Debug|x86.Build.0 = Debug|Win32
		{6F72A832-167A-46B9-A7DA-4BA720A21FBE}.Release|x64.ActiveCfg = Release|x64
		{6F72A832-167A-46B9-A7DA-4BA720A21FBE}.Release|x64.Build.0 = Release|x64
		{6F72A832-167A-46B9-A7DA-4BA720A21FBE}.Release|x86.ActiveCfg = Release|Win32
		{6F72A832-167A-46B9-A7DA-4BA720A21FBE}.Release|x86.Build.0 = Release|Win32
	EndGlobalSection
	GlobalSection(SolutionProperties) = preSolution
		HideSolutionNode = FALSE
	EndGlobalSection
	GlobalSection(ExtensibilityGlobals) = postSolution
		SolutionGuid = {D5D1A382-AFAB-4843-999D-4546773407E9}
	EndGlobalSection
EndGlobal
