
Microsoft Visual Studio Solution File, Format Version 12.00
# Visual Studio Version 16
VisualStudioVersion = 16.0.30011.22
MinimumVisualStudioVersion = 10.0.40219.1
Project("{8BC9CEB8-8B4A-11D0-8D11-00A0C91BC942}") = "두개뽑아서더하기", "두개뽑아서더하기\두개뽑아서더하기.vcxproj", "{39AD1E0D-9E86-484B-9FC7-DA1183F6F206}"
EndProject
Project("{8BC9CEB8-8B4A-11D0-8D11-00A0C91BC942}") = "완주하지_못한_선수", "완주하지_못한_선수\완주하지_못한_선수.vcxproj", "{22075B38-5F07-4F3B-A582-E4D7090E2F89}"
EndProject
Project("{8BC9CEB8-8B4A-11D0-8D11-00A0C91BC942}") = "체육복", "체육복\체육복.vcxproj", "{BC094617-93B5-4882-B646-859A7F293A87}"
EndProject
Project("{8BC9CEB8-8B4A-11D0-8D11-00A0C91BC942}") = "같은_숫자는_싫어", "같은_숫자는_싫어\같은_숫자는_싫어.vcxproj", "{3DC971CE-8983-474D-8BC4-6E9AF8E58E51}"
EndProject
Project("{8BC9CEB8-8B4A-11D0-8D11-00A0C91BC942}") = "모의고사", "모의고사\모의고사.vcxproj", "{8A7D5593-EBC5-4875-8531-7BC52FDBC519}"
EndProject
Project("{8BC9CEB8-8B4A-11D0-8D11-00A0C91BC942}") = "시저 암호", "시저 암호\시저 암호.vcxproj", "{6F72A832-167A-46B9-A7DA-4BA720A21FBE}"
EndProject
Project("{8BC9CEB8-8B4A-11D0-8D11-00A0C91BC942}") = "문자열 내 p와 y의 개수", "문자열 내 p와 y의 개수\문자열 내 p와 y의 개수.vcxproj", "{A4253BAD-DBFD-468E-8C84-16D24A73648E}"
EndProject
Project("{8BC9CEB8-8B4A-11D0-8D11-00A0C91BC942}") = "최대공약수와 최소공배수", "최대공약수와 최소공배수\최대공약수와 최소공배수.vcxproj", "{E0F069F1-7400-40AF-A61F-2E65F15290B1}"
EndProject
Project("{8BC9CEB8-8B4A-11D0-8D11-00A0C91BC942}") = "수박", "수박\수박.vcxproj", "{30394DF3-80A1-4057-A59C-FCFE8EA8EBE2}"
EndProject
Project("{8BC9CEB8-8B4A-11D0-8D11-00A0C91BC942}") = "3진법 뒤집기", "3진법 뒤집기\3진법 뒤집기.vcxproj", "{FBA5BA15-6FA2-410C-9DBA-D6B1435F92D3}"
EndProject
Project("{8BC9CEB8-8B4A-11D0-8D11-00A0C91BC942}") = "내적", "내적\내적.vcxproj", "{08A3FCC7-406D-4ACF-A49C-FCF61AD50D26}"
EndProject
Project("{8BC9CEB8-8B4A-11D0-8D11-00A0C91BC942}") = "K번째수", "K번째수\K번째수.vcxproj", "{1B21BB63-131E-46A7-A52E-95CAA1969739}"
EndProject
Project("{8BC9CEB8-8B4A-11D0-8D11-00A0C91BC942}") = "이상한 문자 만들기", "이상한 문자 만들기\이상한 문자 만들기.vcxproj", "{5F56BB70-6D7F-4F60-96DE-B3B86941D16D}"
EndProject
Project("{8BC9CEB8-8B4A-11D0-8D11-00A0C91BC942}") = "소수 찾기", "소수 찾기\소수 찾기.vcxproj", "{FAB8BE3D-F15F-44E3-95BE-E6CF9CA56FD3}"
EndProject
Project("{8BC9CEB8-8B4A-11D0-8D11-00A0C91BC942}") = "두 정수 사이의 합", "두 정수 사이의 합\두 정수 사이의 합.vcxproj", "{9C5FB792-A223-41D6-A679-66EF23D39AB2}"
EndProject
Project("{8BC9CEB8-8B4A-11D0-8D11-00A0C91BC942}") = "가운데 글자 가져오기", "가운데 글자 가져오기\가운데 글자 가져오기.vcxproj", "{5E51F54A-BDD8-4C3A-9E2A-CB01B99E4955}"
EndProject
Project("{8BC9CEB8-8B4A-11D0-8D11-00A0C91BC942}") = "짝수와 홀수", "짝수와 홀수\짝수와 홀수.vcxproj", "{C1600B59-2322-4116-898C-9CBBC28E1430}"
EndProject
Project("{8BC9CEB8-8B4A-11D0-8D11-00A0C91BC942}") = "문자열다루기기본", "문자열다루기기본\문자열다루기기본.vcxproj", "{3D9C1951-4A86-49E5-9AC3-BD725809E278}"
EndProject
Project("{8BC9CEB8-8B4A-11D0-8D11-00A0C91BC942}") = "문자열_내림차순으로_배치하기", "문자열_내림차순으로_배치하기\문자열_내림차순으로_배치하기.vcxproj", "{55470A86-DCF7-4C3D-AE6A-6CB7A6EA2F19}"
EndProject
Project("{8BC9CEB8-8B4A-11D0-8D11-00A0C91BC942}") = "서울에서_김서방_찾기", "서울에서_김서방_찾기\서울에서_김서방_찾기.vcxproj", "{6906638A-61B7-4EFF-BBEF-1608047AD5C3}"
EndProject
Project("{8BC9CEB8-8B4A-11D0-8D11-00A0C91BC942}") = "문자열을_정수로_바꾸기", "문자열을_정수로_바꾸기\문자열을_정수로_바꾸기.vcxproj", "{91CFADDE-4EF8-499B-BC1C-77DC19836F1F}"
EndProject
Project("{8BC9CEB8-8B4A-11D0-8D11-00A0C91BC942}") = "자연수_뒤집어_배열로_만들기", "자연수_뒤집어_배열로_만들기\자연수_뒤집어_배열로_만들기.vcxproj", "{C2472F37-440B-421D-BD52-23A94086A7A2}"
EndProject
Project("{8BC9CEB8-8B4A-11D0-8D11-00A0C91BC942}") = "평균_구하기", "평균_구하기\평균_구하기.vcxproj", "{92B8282B-5AD7-4780-B761-EDAB90C5CF7A}"
EndProject
Project("{8BC9CEB8-8B4A-11D0-8D11-00A0C91BC942}") = "제일 작은 수 제거하기", "제일 작은 수 제거하기\제일 작은 수 제거하기.vcxproj", "{BFC53F1A-AEFD-4204-9011-A616942E10D1}"
EndProject
Project("{8BC9CEB8-8B4A-11D0-8D11-00A0C91BC942}") = "직사각형 별찍기", "직사각형 별찍기\직사각형 별찍기.vcxproj", "{27649A08-2CD2-4104-9C2B-9A5F785CD272}"
EndProject
Project("{8BC9CEB8-8B4A-11D0-8D11-00A0C91BC942}") = "행렬의_덧셈", "행렬의_덧셈\행렬의_덧셈.vcxproj", "{E1D4B75F-1C34-45B8-A50F-9C2D78521E25}"
EndProject
Project("{8BC9CEB8-8B4A-11D0-8D11-00A0C91BC942}") = "정수_제곱근_판별", "정수_제곱근_판별\정수_제곱근_판별.vcxproj", "{BD11A00C-0E4E-49EB-AAAC-77D75CB2541F}"
EndProject
Project("{8BC9CEB8-8B4A-11D0-8D11-00A0C91BC942}") = "자릿수_더하기", "자릿수_더하기\자릿수_더하기.vcxproj", "{C0E0D0EA-7DEE-4BD2-BD5C-B7BB0A30A8BE}"
EndProject
Project("{8BC9CEB8-8B4A-11D0-8D11-00A0C91BC942}") = "정수_내림차순으로_배치하기", "정수_내림차순으로_배치하기\정수_내림차순으로_배치하기.vcxproj", "{BD1F545B-25F0-410A-9D5F-B79260FF91D6}"
EndProject
Project("{8BC9CEB8-8B4A-11D0-8D11-00A0C91BC942}") = "핸드폰_번호_가리기", "핸드폰_번호_가리기\핸드폰_번호_가리기.vcxproj", "{0541ADA9-9577-4BDE-993F-266C7956C17B}"
EndProject
Project("{8BC9CEB8-8B4A-11D0-8D11-00A0C91BC942}") = "하샤드_수", "하샤드_수\하샤드_수.vcxproj", "{7C8F452C-1223-4E8C-8513-ED8EF05CC0E3}"
EndProject
Project("{8BC9CEB8-8B4A-11D0-8D11-00A0C91BC942}") = "콜라츠_추측", "콜라츠_추측\콜라츠_추측.vcxproj", "{2B8B80AD-A7D9-497F-883A-39B35D5A0390}"
EndProject
Project("{8BC9CEB8-8B4A-11D0-8D11-00A0C91BC942}") = "x만큼_간격이_있는_n개의_숫자", "x만큼_간격이_있는_n개의_숫자\x만큼_간격이_있는_n개의_숫자.vcxproj", "{634307F3-4D9F-4DAB-A7E4-56A96403D9BB}"
EndProject
Project("{8BC9CEB8-8B4A-11D0-8D11-00A0C91BC942}") = "나누어_떨어지는_숫자_배열", "나누어_떨어지는_숫자_배열\나누어_떨어지는_숫자_배열.vcxproj", "{38983A69-7773-47F5-8078-3E43FD330ADC}"
EndProject
Project("{2150E333-8FDC-42A3-9474-1A3956D46DE8}") = "연습문제", "연습문제", "{58B486E6-DC97-43F7-823F-D0E89B801E4B}"
EndProject
Project("{2150E333-8FDC-42A3-9474-1A3956D46DE8}") = "KAKAO", "KAKAO", "{E335EF40-F729-4F3F-AD97-CD72516D9C82}"
EndProject
Project("{8BC9CEB8-8B4A-11D0-8D11-00A0C91BC942}") = "다트_게임", "다트_게임\다트_게임.vcxproj", "{25AA0FE0-A09E-40B4-AE13-8AFF161C1BDC}"
EndProject
Project("{8BC9CEB8-8B4A-11D0-8D11-00A0C91BC942}") = "신규_아이디_추천", "신규_아이디_추천\신규_아이디_추천.vcxproj", "{AFF1F685-97C4-4260-BFBF-7747F7B9ED46}"
EndProject
Project("{8BC9CEB8-8B4A-11D0-8D11-00A0C91BC942}") = "보물지도", "보물지도\보물지도.vcxproj", "{41A78FAF-EC1C-4C8F-9094-0BFC91D52E79}"
EndProject
Project("{8BC9CEB8-8B4A-11D0-8D11-00A0C91BC942}") = "크레인_인형뽑기_게임", "크레인_인형뽑기_게임\크레인_인형뽑기_게임.vcxproj", "{B2AF1FA9-FFB1-417F-A844-3FF7E7EF04A0}"
EndProject
Project("{8BC9CEB8-8B4A-11D0-8D11-00A0C91BC942}") = "키패드누르기", "키패드누르기\키패드누르기.vcxproj", "{49E06AD5-DF5F-4C27-A501-39FAD08F96F2}"
EndProject
Project("{2150E333-8FDC-42A3-9474-1A3956D46DE8}") = "그_외_기출", "그_외_기출", "{86F0520F-6B43-4334-8FF9-9CFED3116F9E}"
EndProject
Project("{8BC9CEB8-8B4A-11D0-8D11-00A0C91BC942}") = "마음대로_문자열_출력하기", "마음대로_문자열_출력하기\마음대로_문자열_출력하기.vcxproj", "{C601C7D7-342C-454D-942D-AA4C6846E329}"
EndProject
Global
	GlobalSection(SolutionConfigurationPlatforms) = preSolution
		Debug|x64 = Debug|x64
		Debug|x86 = Debug|x86
		Release|x64 = Release|x64
		Release|x86 = Release|x86
	EndGlobalSection
	GlobalSection(ProjectConfigurationPlatforms) = postSolution
		{39AD1E0D-9E86-484B-9FC7-DA1183F6F206}.Debug|x64.ActiveCfg = Debug|x64
		{39AD1E0D-9E86-484B-9FC7-DA1183F6F206}.Debug|x64.Build.0 = Debug|x64
		{39AD1E0D-9E86-484B-9FC7-DA1183F6F206}.Debug|x86.ActiveCfg = Debug|Win32
		{39AD1E0D-9E86-484B-9FC7-DA1183F6F206}.Debug|x86.Build.0 = Debug|Win32
		{39AD1E0D-9E86-484B-9FC7-DA1183F6F206}.Release|x64.ActiveCfg = Release|x64
		{39AD1E0D-9E86-484B-9FC7-DA1183F6F206}.Release|x64.Build.0 = Release|x64
		{39AD1E0D-9E86-484B-9FC7-DA1183F6F206}.Release|x86.ActiveCfg = Release|Win32
		{39AD1E0D-9E86-484B-9FC7-DA1183F6F206}.Release|x86.Build.0 = Release|Win32
		{22075B38-5F07-4F3B-A582-E4D7090E2F89}.Debug|x64.ActiveCfg = Debug|x64
		{22075B38-5F07-4F3B-A582-E4D7090E2F89}.Debug|x64.Build.0 = Debug|x64
		{22075B38-5F07-4F3B-A582-E4D7090E2F89}.Debug|x86.ActiveCfg = Debug|Win32
		{22075B38-5F07-4F3B-A582-E4D7090E2F89}.Debug|x86.Build.0 = Debug|Win32
		{22075B38-5F07-4F3B-A582-E4D7090E2F89}.Release|x64.ActiveCfg = Release|x64
		{22075B38-5F07-4F3B-A582-E4D7090E2F89}.Release|x64.Build.0 = Release|x64
		{22075B38-5F07-4F3B-A582-E4D7090E2F89}.Release|x86.ActiveCfg = Release|Win32
		{22075B38-5F07-4F3B-A582-E4D7090E2F89}.Release|x86.Build.0 = Release|Win32
		{BC094617-93B5-4882-B646-859A7F293A87}.Debug|x64.ActiveCfg = Debug|x64
		{BC094617-93B5-4882-B646-859A7F293A87}.Debug|x64.Build.0 = Debug|x64
		{BC094617-93B5-4882-B646-859A7F293A87}.Debug|x86.ActiveCfg = Debug|Win32
		{BC094617-93B5-4882-B646-859A7F293A87}.Debug|x86.Build.0 = Debug|Win32
		{BC094617-93B5-4882-B646-859A7F293A87}.Release|x64.ActiveCfg = Release|x64
		{BC094617-93B5-4882-B646-859A7F293A87}.Release|x64.Build.0 = Release|x64
		{BC094617-93B5-4882-B646-859A7F293A87}.Release|x86.ActiveCfg = Release|Win32
		{BC094617-93B5-4882-B646-859A7F293A87}.Release|x86.Build.0 = Release|Win32
		{3DC971CE-8983-474D-8BC4-6E9AF8E58E51}.Debug|x64.ActiveCfg = Debug|x64
		{3DC971CE-8983-474D-8BC4-6E9AF8E58E51}.Debug|x64.Build.0 = Debug|x64
		{3DC971CE-8983-474D-8BC4-6E9AF8E58E51}.Debug|x86.ActiveCfg = Debug|Win32
		{3DC971CE-8983-474D-8BC4-6E9AF8E58E51}.Debug|x86.Build.0 = Debug|Win32
		{3DC971CE-8983-474D-8BC4-6E9AF8E58E51}.Release|x64.ActiveCfg = Release|x64
		{3DC971CE-8983-474D-8BC4-6E9AF8E58E51}.Release|x64.Build.0 = Release|x64
		{3DC971CE-8983-474D-8BC4-6E9AF8E58E51}.Release|x86.ActiveCfg = Release|Win32
		{3DC971CE-8983-474D-8BC4-6E9AF8E58E51}.Release|x86.Build.0 = Release|Win32
		{8A7D5593-EBC5-4875-8531-7BC52FDBC519}.Debug|x64.ActiveCfg = Debug|x64
		{8A7D5593-EBC5-4875-8531-7BC52FDBC519}.Debug|x64.Build.0 = Debug|x64
		{8A7D5593-EBC5-4875-8531-7BC52FDBC519}.Debug|x86.ActiveCfg = Debug|Win32
		{8A7D5593-EBC5-4875-8531-7BC52FDBC519}.Debug|x86.Build.0 = Debug|Win32
		{8A7D5593-EBC5-4875-8531-7BC52FDBC519}.Release|x64.ActiveCfg = Release|x64
		{8A7D5593-EBC5-4875-8531-7BC52FDBC519}.Release|x64.Build.0 = Release|x64
		{8A7D5593-EBC5-4875-8531-7BC52FDBC519}.Release|x86.ActiveCfg = Release|Win32
		{8A7D5593-EBC5-4875-8531-7BC52FDBC519}.Release|x86.Build.0 = Release|Win32
		{6F72A832-167A-46B9-A7DA-4BA720A21FBE}.Debug|x64.ActiveCfg = Debug|x64
		{6F72A832-167A-46B9-A7DA-4BA720A21FBE}.Debug|x64.Build.0 = Debug|x64
		{6F72A832-167A-46B9-A7DA-4BA720A21FBE}.Debug|x86.ActiveCfg = Debug|Win32
		{6F72A832-167A-46B9-A7DA-4BA720A21FBE}.Debug|x86.Build.0 = Debug|Win32
		{6F72A832-167A-46B9-A7DA-4BA720A21FBE}.Release|x64.ActiveCfg = Release|x64
		{6F72A832-167A-46B9-A7DA-4BA720A21FBE}.Release|x64.Build.0 = Release|x64
		{6F72A832-167A-46B9-A7DA-4BA720A21FBE}.Release|x86.ActiveCfg = Release|Win32
		{6F72A832-167A-46B9-A7DA-4BA720A21FBE}.Release|x86.Build.0 = Release|Win32
		{A4253BAD-DBFD-468E-8C84-16D24A73648E}.Debug|x64.ActiveCfg = Debug|x64
		{A4253BAD-DBFD-468E-8C84-16D24A73648E}.Debug|x64.Build.0 = Debug|x64
		{A4253BAD-DBFD-468E-8C84-16D24A73648E}.Debug|x86.ActiveCfg = Debug|Win32
		{A4253BAD-DBFD-468E-8C84-16D24A73648E}.Debug|x86.Build.0 = Debug|Win32
		{A4253BAD-DBFD-468E-8C84-16D24A73648E}.Release|x64.ActiveCfg = Release|x64
		{A4253BAD-DBFD-468E-8C84-16D24A73648E}.Release|x64.Build.0 = Release|x64
		{A4253BAD-DBFD-468E-8C84-16D24A73648E}.Release|x86.ActiveCfg = Release|Win32
		{A4253BAD-DBFD-468E-8C84-16D24A73648E}.Release|x86.Build.0 = Release|Win32
		{E0F069F1-7400-40AF-A61F-2E65F15290B1}.Debug|x64.ActiveCfg = Debug|x64
		{E0F069F1-7400-40AF-A61F-2E65F15290B1}.Debug|x64.Build.0 = Debug|x64
		{E0F069F1-7400-40AF-A61F-2E65F15290B1}.Debug|x86.ActiveCfg = Debug|Win32
		{E0F069F1-7400-40AF-A61F-2E65F15290B1}.Debug|x86.Build.0 = Debug|Win32
		{E0F069F1-7400-40AF-A61F-2E65F15290B1}.Release|x64.ActiveCfg = Release|x64
		{E0F069F1-7400-40AF-A61F-2E65F15290B1}.Release|x64.Build.0 = Release|x64
		{E0F069F1-7400-40AF-A61F-2E65F15290B1}.Release|x86.ActiveCfg = Release|Win32
		{E0F069F1-7400-40AF-A61F-2E65F15290B1}.Release|x86.Build.0 = Release|Win32
		{30394DF3-80A1-4057-A59C-FCFE8EA8EBE2}.Debug|x64.ActiveCfg = Debug|x64
		{30394DF3-80A1-4057-A59C-FCFE8EA8EBE2}.Debug|x64.Build.0 = Debug|x64
		{30394DF3-80A1-4057-A59C-FCFE8EA8EBE2}.Debug|x86.ActiveCfg = Debug|Win32
		{30394DF3-80A1-4057-A59C-FCFE8EA8EBE2}.Debug|x86.Build.0 = Debug|Win32
		{30394DF3-80A1-4057-A59C-FCFE8EA8EBE2}.Release|x64.ActiveCfg = Release|x64
		{30394DF3-80A1-4057-A59C-FCFE8EA8EBE2}.Release|x64.Build.0 = Release|x64
		{30394DF3-80A1-4057-A59C-FCFE8EA8EBE2}.Release|x86.ActiveCfg = Release|Win32
		{30394DF3-80A1-4057-A59C-FCFE8EA8EBE2}.Release|x86.Build.0 = Release|Win32
		{FBA5BA15-6FA2-410C-9DBA-D6B1435F92D3}.Debug|x64.ActiveCfg = Debug|x64
		{FBA5BA15-6FA2-410C-9DBA-D6B1435F92D3}.Debug|x64.Build.0 = Debug|x64
		{FBA5BA15-6FA2-410C-9DBA-D6B1435F92D3}.Debug|x86.ActiveCfg = Debug|Win32
		{FBA5BA15-6FA2-410C-9DBA-D6B1435F92D3}.Debug|x86.Build.0 = Debug|Win32
		{FBA5BA15-6FA2-410C-9DBA-D6B1435F92D3}.Release|x64.ActiveCfg = Release|x64
		{FBA5BA15-6FA2-410C-9DBA-D6B1435F92D3}.Release|x64.Build.0 = Release|x64
		{FBA5BA15-6FA2-410C-9DBA-D6B1435F92D3}.Release|x86.ActiveCfg = Release|Win32
		{FBA5BA15-6FA2-410C-9DBA-D6B1435F92D3}.Release|x86.Build.0 = Release|Win32
		{08A3FCC7-406D-4ACF-A49C-FCF61AD50D26}.Debug|x64.ActiveCfg = Debug|x64
		{08A3FCC7-406D-4ACF-A49C-FCF61AD50D26}.Debug|x64.Build.0 = Debug|x64
		{08A3FCC7-406D-4ACF-A49C-FCF61AD50D26}.Debug|x86.ActiveCfg = Debug|Win32
		{08A3FCC7-406D-4ACF-A49C-FCF61AD50D26}.Debug|x86.Build.0 = Debug|Win32
		{08A3FCC7-406D-4ACF-A49C-FCF61AD50D26}.Release|x64.ActiveCfg = Release|x64
		{08A3FCC7-406D-4ACF-A49C-FCF61AD50D26}.Release|x64.Build.0 = Release|x64
		{08A3FCC7-406D-4ACF-A49C-FCF61AD50D26}.Release|x86.ActiveCfg = Release|Win32
		{08A3FCC7-406D-4ACF-A49C-FCF61AD50D26}.Release|x86.Build.0 = Release|Win32
		{1B21BB63-131E-46A7-A52E-95CAA1969739}.Debug|x64.ActiveCfg = Debug|x64
		{1B21BB63-131E-46A7-A52E-95CAA1969739}.Debug|x64.Build.0 = Debug|x64
		{1B21BB63-131E-46A7-A52E-95CAA1969739}.Debug|x86.ActiveCfg = Debug|Win32
		{1B21BB63-131E-46A7-A52E-95CAA1969739}.Debug|x86.Build.0 = Debug|Win32
		{1B21BB63-131E-46A7-A52E-95CAA1969739}.Release|x64.ActiveCfg = Release|x64
		{1B21BB63-131E-46A7-A52E-95CAA1969739}.Release|x64.Build.0 = Release|x64
		{1B21BB63-131E-46A7-A52E-95CAA1969739}.Release|x86.ActiveCfg = Release|Win32
		{1B21BB63-131E-46A7-A52E-95CAA1969739}.Release|x86.Build.0 = Release|Win32
		{5F56BB70-6D7F-4F60-96DE-B3B86941D16D}.Debug|x64.ActiveCfg = Debug|x64
		{5F56BB70-6D7F-4F60-96DE-B3B86941D16D}.Debug|x64.Build.0 = Debug|x64
		{5F56BB70-6D7F-4F60-96DE-B3B86941D16D}.Debug|x86.ActiveCfg = Debug|Win32
		{5F56BB70-6D7F-4F60-96DE-B3B86941D16D}.Debug|x86.Build.0 = Debug|Win32
		{5F56BB70-6D7F-4F60-96DE-B3B86941D16D}.Release|x64.ActiveCfg = Release|x64
		{5F56BB70-6D7F-4F60-96DE-B3B86941D16D}.Release|x64.Build.0 = Release|x64
		{5F56BB70-6D7F-4F60-96DE-B3B86941D16D}.Release|x86.ActiveCfg = Release|Win32
		{5F56BB70-6D7F-4F60-96DE-B3B86941D16D}.Release|x86.Build.0 = Release|Win32
		{FAB8BE3D-F15F-44E3-95BE-E6CF9CA56FD3}.Debug|x64.ActiveCfg = Debug|x64
		{FAB8BE3D-F15F-44E3-95BE-E6CF9CA56FD3}.Debug|x64.Build.0 = Debug|x64
		{FAB8BE3D-F15F-44E3-95BE-E6CF9CA56FD3}.Debug|x86.ActiveCfg = Debug|Win32
		{FAB8BE3D-F15F-44E3-95BE-E6CF9CA56FD3}.Debug|x86.Build.0 = Debug|Win32
		{FAB8BE3D-F15F-44E3-95BE-E6CF9CA56FD3}.Release|x64.ActiveCfg = Release|x64
		{FAB8BE3D-F15F-44E3-95BE-E6CF9CA56FD3}.Release|x64.Build.0 = Release|x64
		{FAB8BE3D-F15F-44E3-95BE-E6CF9CA56FD3}.Release|x86.ActiveCfg = Release|Win32
		{FAB8BE3D-F15F-44E3-95BE-E6CF9CA56FD3}.Release|x86.Build.0 = Release|Win32
		{9C5FB792-A223-41D6-A679-66EF23D39AB2}.Debug|x64.ActiveCfg = Debug|x64
		{9C5FB792-A223-41D6-A679-66EF23D39AB2}.Debug|x64.Build.0 = Debug|x64
		{9C5FB792-A223-41D6-A679-66EF23D39AB2}.Debug|x86.ActiveCfg = Debug|Win32
		{9C5FB792-A223-41D6-A679-66EF23D39AB2}.Debug|x86.Build.0 = Debug|Win32
		{9C5FB792-A223-41D6-A679-66EF23D39AB2}.Release|x64.ActiveCfg = Release|x64
		{9C5FB792-A223-41D6-A679-66EF23D39AB2}.Release|x64.Build.0 = Release|x64
		{9C5FB792-A223-41D6-A679-66EF23D39AB2}.Release|x86.ActiveCfg = Release|Win32
		{9C5FB792-A223-41D6-A679-66EF23D39AB2}.Release|x86.Build.0 = Release|Win32
		{5E51F54A-BDD8-4C3A-9E2A-CB01B99E4955}.Debug|x64.ActiveCfg = Debug|x64
		{5E51F54A-BDD8-4C3A-9E2A-CB01B99E4955}.Debug|x64.Build.0 = Debug|x64
		{5E51F54A-BDD8-4C3A-9E2A-CB01B99E4955}.Debug|x86.ActiveCfg = Debug|Win32
		{5E51F54A-BDD8-4C3A-9E2A-CB01B99E4955}.Debug|x86.Build.0 = Debug|Win32
		{5E51F54A-BDD8-4C3A-9E2A-CB01B99E4955}.Release|x64.ActiveCfg = Release|x64
		{5E51F54A-BDD8-4C3A-9E2A-CB01B99E4955}.Release|x64.Build.0 = Release|x64
		{5E51F54A-BDD8-4C3A-9E2A-CB01B99E4955}.Release|x86.ActiveCfg = Release|Win32
		{5E51F54A-BDD8-4C3A-9E2A-CB01B99E4955}.Release|x86.Build.0 = Release|Win32
		{C1600B59-2322-4116-898C-9CBBC28E1430}.Debug|x64.ActiveCfg = Debug|x64
		{C1600B59-2322-4116-898C-9CBBC28E1430}.Debug|x64.Build.0 = Debug|x64
		{C1600B59-2322-4116-898C-9CBBC28E1430}.Debug|x86.ActiveCfg = Debug|Win32
		{C1600B59-2322-4116-898C-9CBBC28E1430}.Debug|x86.Build.0 = Debug|Win32
		{C1600B59-2322-4116-898C-9CBBC28E1430}.Release|x64.ActiveCfg = Release|x64
		{C1600B59-2322-4116-898C-9CBBC28E1430}.Release|x64.Build.0 = Release|x64
		{C1600B59-2322-4116-898C-9CBBC28E1430}.Release|x86.ActiveCfg = Release|Win32
		{C1600B59-2322-4116-898C-9CBBC28E1430}.Release|x86.Build.0 = Release|Win32
		{3D9C1951-4A86-49E5-9AC3-BD725809E278}.Debug|x64.ActiveCfg = Debug|x64
		{3D9C1951-4A86-49E5-9AC3-BD725809E278}.Debug|x64.Build.0 = Debug|x64
		{3D9C1951-4A86-49E5-9AC3-BD725809E278}.Debug|x86.ActiveCfg = Debug|Win32
		{3D9C1951-4A86-49E5-9AC3-BD725809E278}.Debug|x86.Build.0 = Debug|Win32
		{3D9C1951-4A86-49E5-9AC3-BD725809E278}.Release|x64.ActiveCfg = Release|x64
		{3D9C1951-4A86-49E5-9AC3-BD725809E278}.Release|x64.Build.0 = Release|x64
		{3D9C1951-4A86-49E5-9AC3-BD725809E278}.Release|x86.ActiveCfg = Release|Win32
		{3D9C1951-4A86-49E5-9AC3-BD725809E278}.Release|x86.Build.0 = Release|Win32
		{55470A86-DCF7-4C3D-AE6A-6CB7A6EA2F19}.Debug|x64.ActiveCfg = Debug|x64
		{55470A86-DCF7-4C3D-AE6A-6CB7A6EA2F19}.Debug|x64.Build.0 = Debug|x64
		{55470A86-DCF7-4C3D-AE6A-6CB7A6EA2F19}.Debug|x86.ActiveCfg = Debug|Win32
		{55470A86-DCF7-4C3D-AE6A-6CB7A6EA2F19}.Debug|x86.Build.0 = Debug|Win32
		{55470A86-DCF7-4C3D-AE6A-6CB7A6EA2F19}.Release|x64.ActiveCfg = Release|x64
		{55470A86-DCF7-4C3D-AE6A-6CB7A6EA2F19}.Release|x64.Build.0 = Release|x64
		{55470A86-DCF7-4C3D-AE6A-6CB7A6EA2F19}.Release|x86.ActiveCfg = Release|Win32
		{55470A86-DCF7-4C3D-AE6A-6CB7A6EA2F19}.Release|x86.Build.0 = Release|Win32
		{6906638A-61B7-4EFF-BBEF-1608047AD5C3}.Debug|x64.ActiveCfg = Debug|x64
		{6906638A-61B7-4EFF-BBEF-1608047AD5C3}.Debug|x64.Build.0 = Debug|x64
		{6906638A-61B7-4EFF-BBEF-1608047AD5C3}.Debug|x86.ActiveCfg = Debug|Win32
		{6906638A-61B7-4EFF-BBEF-1608047AD5C3}.Debug|x86.Build.0 = Debug|Win32
		{6906638A-61B7-4EFF-BBEF-1608047AD5C3}.Release|x64.ActiveCfg = Release|x64
		{6906638A-61B7-4EFF-BBEF-1608047AD5C3}.Release|x64.Build.0 = Release|x64
		{6906638A-61B7-4EFF-BBEF-1608047AD5C3}.Release|x86.ActiveCfg = Release|Win32
		{6906638A-61B7-4EFF-BBEF-1608047AD5C3}.Release|x86.Build.0 = Release|Win32
		{91CFADDE-4EF8-499B-BC1C-77DC19836F1F}.Debug|x64.ActiveCfg = Debug|x64
		{91CFADDE-4EF8-499B-BC1C-77DC19836F1F}.Debug|x64.Build.0 = Debug|x64
		{91CFADDE-4EF8-499B-BC1C-77DC19836F1F}.Debug|x86.ActiveCfg = Debug|Win32
		{91CFADDE-4EF8-499B-BC1C-77DC19836F1F}.Debug|x86.Build.0 = Debug|Win32
		{91CFADDE-4EF8-499B-BC1C-77DC19836F1F}.Release|x64.ActiveCfg = Release|x64
		{91CFADDE-4EF8-499B-BC1C-77DC19836F1F}.Release|x64.Build.0 = Release|x64
		{91CFADDE-4EF8-499B-BC1C-77DC19836F1F}.Release|x86.ActiveCfg = Release|Win32
		{91CFADDE-4EF8-499B-BC1C-77DC19836F1F}.Release|x86.Build.0 = Release|Win32
		{C2472F37-440B-421D-BD52-23A94086A7A2}.Debug|x64.ActiveCfg = Debug|x64
		{C2472F37-440B-421D-BD52-23A94086A7A2}.Debug|x64.Build.0 = Debug|x64
		{C2472F37-440B-421D-BD52-23A94086A7A2}.Debug|x86.ActiveCfg = Debug|Win32
		{C2472F37-440B-421D-BD52-23A94086A7A2}.Debug|x86.Build.0 = Debug|Win32
		{C2472F37-440B-421D-BD52-23A94086A7A2}.Release|x64.ActiveCfg = Release|x64
		{C2472F37-440B-421D-BD52-23A94086A7A2}.Release|x64.Build.0 = Release|x64
		{C2472F37-440B-421D-BD52-23A94086A7A2}.Release|x86.ActiveCfg = Release|Win32
		{C2472F37-440B-421D-BD52-23A94086A7A2}.Release|x86.Build.0 = Release|Win32
		{92B8282B-5AD7-4780-B761-EDAB90C5CF7A}.Debug|x64.ActiveCfg = Debug|x64
		{92B8282B-5AD7-4780-B761-EDAB90C5CF7A}.Debug|x64.Build.0 = Debug|x64
		{92B8282B-5AD7-4780-B761-EDAB90C5CF7A}.Debug|x86.ActiveCfg = Debug|Win32
		{92B8282B-5AD7-4780-B761-EDAB90C5CF7A}.Debug|x86.Build.0 = Debug|Win32
		{92B8282B-5AD7-4780-B761-EDAB90C5CF7A}.Release|x64.ActiveCfg = Release|x64
		{92B8282B-5AD7-4780-B761-EDAB90C5CF7A}.Release|x64.Build.0 = Release|x64
		{92B8282B-5AD7-4780-B761-EDAB90C5CF7A}.Release|x86.ActiveCfg = Release|Win32
		{92B8282B-5AD7-4780-B761-EDAB90C5CF7A}.Release|x86.Build.0 = Release|Win32
		{BFC53F1A-AEFD-4204-9011-A616942E10D1}.Debug|x64.ActiveCfg = Debug|x64
		{BFC53F1A-AEFD-4204-9011-A616942E10D1}.Debug|x64.Build.0 = Debug|x64
		{BFC53F1A-AEFD-4204-9011-A616942E10D1}.Debug|x86.ActiveCfg = Debug|Win32
		{BFC53F1A-AEFD-4204-9011-A616942E10D1}.Debug|x86.Build.0 = Debug|Win32
		{BFC53F1A-AEFD-4204-9011-A616942E10D1}.Release|x64.ActiveCfg = Release|x64
		{BFC53F1A-AEFD-4204-9011-A616942E10D1}.Release|x64.Build.0 = Release|x64
		{BFC53F1A-AEFD-4204-9011-A616942E10D1}.Release|x86.ActiveCfg = Release|Win32
		{BFC53F1A-AEFD-4204-9011-A616942E10D1}.Release|x86.Build.0 = Release|Win32
		{27649A08-2CD2-4104-9C2B-9A5F785CD272}.Debug|x64.ActiveCfg = Debug|x64
		{27649A08-2CD2-4104-9C2B-9A5F785CD272}.Debug|x64.Build.0 = Debug|x64
		{27649A08-2CD2-4104-9C2B-9A5F785CD272}.Debug|x86.ActiveCfg = Debug|Win32
		{27649A08-2CD2-4104-9C2B-9A5F785CD272}.Debug|x86.Build.0 = Debug|Win32
		{27649A08-2CD2-4104-9C2B-9A5F785CD272}.Release|x64.ActiveCfg = Release|x64
		{27649A08-2CD2-4104-9C2B-9A5F785CD272}.Release|x64.Build.0 = Release|x64
		{27649A08-2CD2-4104-9C2B-9A5F785CD272}.Release|x86.ActiveCfg = Release|Win32
		{27649A08-2CD2-4104-9C2B-9A5F785CD272}.Release|x86.Build.0 = Release|Win32
		{E1D4B75F-1C34-45B8-A50F-9C2D78521E25}.Debug|x64.ActiveCfg = Debug|x64
		{E1D4B75F-1C34-45B8-A50F-9C2D78521E25}.Debug|x64.Build.0 = Debug|x64
		{E1D4B75F-1C34-45B8-A50F-9C2D78521E25}.Debug|x86.ActiveCfg = Debug|Win32
		{E1D4B75F-1C34-45B8-A50F-9C2D78521E25}.Debug|x86.Build.0 = Debug|Win32
		{E1D4B75F-1C34-45B8-A50F-9C2D78521E25}.Release|x64.ActiveCfg = Release|x64
		{E1D4B75F-1C34-45B8-A50F-9C2D78521E25}.Release|x64.Build.0 = Release|x64
		{E1D4B75F-1C34-45B8-A50F-9C2D78521E25}.Release|x86.ActiveCfg = Release|Win32
		{E1D4B75F-1C34-45B8-A50F-9C2D78521E25}.Release|x86.Build.0 = Release|Win32
		{BD11A00C-0E4E-49EB-AAAC-77D75CB2541F}.Debug|x64.ActiveCfg = Debug|x64
		{BD11A00C-0E4E-49EB-AAAC-77D75CB2541F}.Debug|x64.Build.0 = Debug|x64
		{BD11A00C-0E4E-49EB-AAAC-77D75CB2541F}.Debug|x86.ActiveCfg = Debug|Win32
		{BD11A00C-0E4E-49EB-AAAC-77D75CB2541F}.Debug|x86.Build.0 = Debug|Win32
		{BD11A00C-0E4E-49EB-AAAC-77D75CB2541F}.Release|x64.ActiveCfg = Release|x64
		{BD11A00C-0E4E-49EB-AAAC-77D75CB2541F}.Release|x64.Build.0 = Release|x64
		{BD11A00C-0E4E-49EB-AAAC-77D75CB2541F}.Release|x86.ActiveCfg = Release|Win32
		{BD11A00C-0E4E-49EB-AAAC-77D75CB2541F}.Release|x86.Build.0 = Release|Win32
		{C0E0D0EA-7DEE-4BD2-BD5C-B7BB0A30A8BE}.Debug|x64.ActiveCfg = Debug|x64
		{C0E0D0EA-7DEE-4BD2-BD5C-B7BB0A30A8BE}.Debug|x64.Build.0 = Debug|x64
		{C0E0D0EA-7DEE-4BD2-BD5C-B7BB0A30A8BE}.Debug|x86.ActiveCfg = Debug|Win32
		{C0E0D0EA-7DEE-4BD2-BD5C-B7BB0A30A8BE}.Debug|x86.Build.0 = Debug|Win32
		{C0E0D0EA-7DEE-4BD2-BD5C-B7BB0A30A8BE}.Release|x64.ActiveCfg = Release|x64
		{C0E0D0EA-7DEE-4BD2-BD5C-B7BB0A30A8BE}.Release|x64.Build.0 = Release|x64
		{C0E0D0EA-7DEE-4BD2-BD5C-B7BB0A30A8BE}.Release|x86.ActiveCfg = Release|Win32
		{C0E0D0EA-7DEE-4BD2-BD5C-B7BB0A30A8BE}.Release|x86.Build.0 = Release|Win32
		{BD1F545B-25F0-410A-9D5F-B79260FF91D6}.Debug|x64.ActiveCfg = Debug|x64
		{BD1F545B-25F0-410A-9D5F-B79260FF91D6}.Debug|x64.Build.0 = Debug|x64
		{BD1F545B-25F0-410A-9D5F-B79260FF91D6}.Debug|x86.ActiveCfg = Debug|Win32
		{BD1F545B-25F0-410A-9D5F-B79260FF91D6}.Debug|x86.Build.0 = Debug|Win32
		{BD1F545B-25F0-410A-9D5F-B79260FF91D6}.Release|x64.ActiveCfg = Release|x64
		{BD1F545B-25F0-410A-9D5F-B79260FF91D6}.Release|x64.Build.0 = Release|x64
		{BD1F545B-25F0-410A-9D5F-B79260FF91D6}.Release|x86.ActiveCfg = Release|Win32
		{BD1F545B-25F0-410A-9D5F-B79260FF91D6}.Release|x86.Build.0 = Release|Win32
		{0541ADA9-9577-4BDE-993F-266C7956C17B}.Debug|x64.ActiveCfg = Debug|x64
		{0541ADA9-9577-4BDE-993F-266C7956C17B}.Debug|x64.Build.0 = Debug|x64
		{0541ADA9-9577-4BDE-993F-266C7956C17B}.Debug|x86.ActiveCfg = Debug|Win32
		{0541ADA9-9577-4BDE-993F-266C7956C17B}.Debug|x86.Build.0 = Debug|Win32
		{0541ADA9-9577-4BDE-993F-266C7956C17B}.Release|x64.ActiveCfg = Release|x64
		{0541ADA9-9577-4BDE-993F-266C7956C17B}.Release|x64.Build.0 = Release|x64
		{0541ADA9-9577-4BDE-993F-266C7956C17B}.Release|x86.ActiveCfg = Release|Win32
		{0541ADA9-9577-4BDE-993F-266C7956C17B}.Release|x86.Build.0 = Release|Win32
		{7C8F452C-1223-4E8C-8513-ED8EF05CC0E3}.Debug|x64.ActiveCfg = Debug|x64
		{7C8F452C-1223-4E8C-8513-ED8EF05CC0E3}.Debug|x64.Build.0 = Debug|x64
		{7C8F452C-1223-4E8C-8513-ED8EF05CC0E3}.Debug|x86.ActiveCfg = Debug|Win32
		{7C8F452C-1223-4E8C-8513-ED8EF05CC0E3}.Debug|x86.Build.0 = Debug|Win32
		{7C8F452C-1223-4E8C-8513-ED8EF05CC0E3}.Release|x64.ActiveCfg = Release|x64
		{7C8F452C-1223-4E8C-8513-ED8EF05CC0E3}.Release|x64.Build.0 = Release|x64
		{7C8F452C-1223-4E8C-8513-ED8EF05CC0E3}.Release|x86.ActiveCfg = Release|Win32
		{7C8F452C-1223-4E8C-8513-ED8EF05CC0E3}.Release|x86.Build.0 = Release|Win32
		{2B8B80AD-A7D9-497F-883A-39B35D5A0390}.Debug|x64.ActiveCfg = Debug|x64
		{2B8B80AD-A7D9-497F-883A-39B35D5A0390}.Debug|x64.Build.0 = Debug|x64
		{2B8B80AD-A7D9-497F-883A-39B35D5A0390}.Debug|x86.ActiveCfg = Debug|Win32
		{2B8B80AD-A7D9-497F-883A-39B35D5A0390}.Debug|x86.Build.0 = Debug|Win32
		{2B8B80AD-A7D9-497F-883A-39B35D5A0390}.Release|x64.ActiveCfg = Release|x64
		{2B8B80AD-A7D9-497F-883A-39B35D5A0390}.Release|x64.Build.0 = Release|x64
		{2B8B80AD-A7D9-497F-883A-39B35D5A0390}.Release|x86.ActiveCfg = Release|Win32
		{2B8B80AD-A7D9-497F-883A-39B35D5A0390}.Release|x86.Build.0 = Release|Win32
		{634307F3-4D9F-4DAB-A7E4-56A96403D9BB}.Debug|x64.ActiveCfg = Debug|x64
		{634307F3-4D9F-4DAB-A7E4-56A96403D9BB}.Debug|x64.Build.0 = Debug|x64
		{634307F3-4D9F-4DAB-A7E4-56A96403D9BB}.Debug|x86.ActiveCfg = Debug|Win32
		{634307F3-4D9F-4DAB-A7E4-56A96403D9BB}.Debug|x86.Build.0 = Debug|Win32
		{634307F3-4D9F-4DAB-A7E4-56A96403D9BB}.Release|x64.ActiveCfg = Release|x64
		{634307F3-4D9F-4DAB-A7E4-56A96403D9BB}.Release|x64.Build.0 = Release|x64
		{634307F3-4D9F-4DAB-A7E4-56A96403D9BB}.Release|x86.ActiveCfg = Release|Win32
		{634307F3-4D9F-4DAB-A7E4-56A96403D9BB}.Release|x86.Build.0 = Release|Win32
		{38983A69-7773-47F5-8078-3E43FD330ADC}.Debug|x64.ActiveCfg = Debug|x64
		{38983A69-7773-47F5-8078-3E43FD330ADC}.Debug|x64.Build.0 = Debug|x64
		{38983A69-7773-47F5-8078-3E43FD330ADC}.Debug|x86.ActiveCfg = Debug|Win32
		{38983A69-7773-47F5-8078-3E43FD330ADC}.Debug|x86.Build.0 = Debug|Win32
		{38983A69-7773-47F5-8078-3E43FD330ADC}.Release|x64.ActiveCfg = Release|x64
		{38983A69-7773-47F5-8078-3E43FD330ADC}.Release|x64.Build.0 = Release|x64
		{38983A69-7773-47F5-8078-3E43FD330ADC}.Release|x86.ActiveCfg = Release|Win32
		{38983A69-7773-47F5-8078-3E43FD330ADC}.Release|x86.Build.0 = Release|Win32
		{25AA0FE0-A09E-40B4-AE13-8AFF161C1BDC}.Debug|x64.ActiveCfg = Debug|x64
		{25AA0FE0-A09E-40B4-AE13-8AFF161C1BDC}.Debug|x64.Build.0 = Debug|x64
		{25AA0FE0-A09E-40B4-AE13-8AFF161C1BDC}.Debug|x86.ActiveCfg = Debug|Win32
		{25AA0FE0-A09E-40B4-AE13-8AFF161C1BDC}.Debug|x86.Build.0 = Debug|Win32
		{25AA0FE0-A09E-40B4-AE13-8AFF161C1BDC}.Release|x64.ActiveCfg = Release|x64
		{25AA0FE0-A09E-40B4-AE13-8AFF161C1BDC}.Release|x64.Build.0 = Release|x64
		{25AA0FE0-A09E-40B4-AE13-8AFF161C1BDC}.Release|x86.ActiveCfg = Release|Win32
		{25AA0FE0-A09E-40B4-AE13-8AFF161C1BDC}.Release|x86.Build.0 = Release|Win32
		{AFF1F685-97C4-4260-BFBF-7747F7B9ED46}.Debug|x64.ActiveCfg = Debug|x64
		{AFF1F685-97C4-4260-BFBF-7747F7B9ED46}.Debug|x64.Build.0 = Debug|x64
		{AFF1F685-97C4-4260-BFBF-7747F7B9ED46}.Debug|x86.ActiveCfg = Debug|Win32
		{AFF1F685-97C4-4260-BFBF-7747F7B9ED46}.Debug|x86.Build.0 = Debug|Win32
		{AFF1F685-97C4-4260-BFBF-7747F7B9ED46}.Release|x64.ActiveCfg = Release|x64
		{AFF1F685-97C4-4260-BFBF-7747F7B9ED46}.Release|x64.Build.0 = Release|x64
		{AFF1F685-97C4-4260-BFBF-7747F7B9ED46}.Release|x86.ActiveCfg = Release|Win32
		{AFF1F685-97C4-4260-BFBF-7747F7B9ED46}.Release|x86.Build.0 = Release|Win32
		{41A78FAF-EC1C-4C8F-9094-0BFC91D52E79}.Debug|x64.ActiveCfg = Debug|x64
		{41A78FAF-EC1C-4C8F-9094-0BFC91D52E79}.Debug|x64.Build.0 = Debug|x64
		{41A78FAF-EC1C-4C8F-9094-0BFC91D52E79}.Debug|x86.ActiveCfg = Debug|Win32
		{41A78FAF-EC1C-4C8F-9094-0BFC91D52E79}.Debug|x86.Build.0 = Debug|Win32
		{41A78FAF-EC1C-4C8F-9094-0BFC91D52E79}.Release|x64.ActiveCfg = Release|x64
		{41A78FAF-EC1C-4C8F-9094-0BFC91D52E79}.Release|x64.Build.0 = Release|x64
		{41A78FAF-EC1C-4C8F-9094-0BFC91D52E79}.Release|x86.ActiveCfg = Release|Win32
		{41A78FAF-EC1C-4C8F-9094-0BFC91D52E79}.Release|x86.Build.0 = Release|Win32
		{B2AF1FA9-FFB1-417F-A844-3FF7E7EF04A0}.Debug|x64.ActiveCfg = Debug|x64
		{B2AF1FA9-FFB1-417F-A844-3FF7E7EF04A0}.Debug|x64.Build.0 = Debug|x64
		{B2AF1FA9-FFB1-417F-A844-3FF7E7EF04A0}.Debug|x86.ActiveCfg = Debug|Win32
		{B2AF1FA9-FFB1-417F-A844-3FF7E7EF04A0}.Debug|x86.Build.0 = Debug|Win32
		{B2AF1FA9-FFB1-417F-A844-3FF7E7EF04A0}.Release|x64.ActiveCfg = Release|x64
		{B2AF1FA9-FFB1-417F-A844-3FF7E7EF04A0}.Release|x64.Build.0 = Release|x64
		{B2AF1FA9-FFB1-417F-A844-3FF7E7EF04A0}.Release|x86.ActiveCfg = Release|Win32
		{B2AF1FA9-FFB1-417F-A844-3FF7E7EF04A0}.Release|x86.Build.0 = Release|Win32
		{49E06AD5-DF5F-4C27-A501-39FAD08F96F2}.Debug|x64.ActiveCfg = Debug|x64
		{49E06AD5-DF5F-4C27-A501-39FAD08F96F2}.Debug|x64.Build.0 = Debug|x64
		{49E06AD5-DF5F-4C27-A501-39FAD08F96F2}.Debug|x86.ActiveCfg = Debug|Win32
		{49E06AD5-DF5F-4C27-A501-39FAD08F96F2}.Debug|x86.Build.0 = Debug|Win32
		{49E06AD5-DF5F-4C27-A501-39FAD08F96F2}.Release|x64.ActiveCfg = Release|x64
		{49E06AD5-DF5F-4C27-A501-39FAD08F96F2}.Release|x64.Build.0 = Release|x64
		{49E06AD5-DF5F-4C27-A501-39FAD08F96F2}.Release|x86.ActiveCfg = Release|Win32
		{49E06AD5-DF5F-4C27-A501-39FAD08F96F2}.Release|x86.Build.0 = Release|Win32
		{C601C7D7-342C-454D-942D-AA4C6846E329}.Debug|x64.ActiveCfg = Debug|x64
		{C601C7D7-342C-454D-942D-AA4C6846E329}.Debug|x64.Build.0 = Debug|x64
		{C601C7D7-342C-454D-942D-AA4C6846E329}.Debug|x86.ActiveCfg = Debug|Win32
		{C601C7D7-342C-454D-942D-AA4C6846E329}.Debug|x86.Build.0 = Debug|Win32
		{C601C7D7-342C-454D-942D-AA4C6846E329}.Release|x64.ActiveCfg = Release|x64
		{C601C7D7-342C-454D-942D-AA4C6846E329}.Release|x64.Build.0 = Release|x64
		{C601C7D7-342C-454D-942D-AA4C6846E329}.Release|x86.ActiveCfg = Release|Win32
		{C601C7D7-342C-454D-942D-AA4C6846E329}.Release|x86.Build.0 = Release|Win32
	EndGlobalSection
	GlobalSection(SolutionProperties) = preSolution
		HideSolutionNode = FALSE
	EndGlobalSection
	GlobalSection(NestedProjects) = preSolution
		{39AD1E0D-9E86-484B-9FC7-DA1183F6F206} = {58B486E6-DC97-43F7-823F-D0E89B801E4B}
		{22075B38-5F07-4F3B-A582-E4D7090E2F89} = {58B486E6-DC97-43F7-823F-D0E89B801E4B}
		{BC094617-93B5-4882-B646-859A7F293A87} = {58B486E6-DC97-43F7-823F-D0E89B801E4B}
		{3DC971CE-8983-474D-8BC4-6E9AF8E58E51} = {58B486E6-DC97-43F7-823F-D0E89B801E4B}
		{8A7D5593-EBC5-4875-8531-7BC52FDBC519} = {58B486E6-DC97-43F7-823F-D0E89B801E4B}
		{6F72A832-167A-46B9-A7DA-4BA720A21FBE} = {58B486E6-DC97-43F7-823F-D0E89B801E4B}
		{A4253BAD-DBFD-468E-8C84-16D24A73648E} = {58B486E6-DC97-43F7-823F-D0E89B801E4B}
		{E0F069F1-7400-40AF-A61F-2E65F15290B1} = {58B486E6-DC97-43F7-823F-D0E89B801E4B}
		{30394DF3-80A1-4057-A59C-FCFE8EA8EBE2} = {58B486E6-DC97-43F7-823F-D0E89B801E4B}
		{FBA5BA15-6FA2-410C-9DBA-D6B1435F92D3} = {58B486E6-DC97-43F7-823F-D0E89B801E4B}
		{08A3FCC7-406D-4ACF-A49C-FCF61AD50D26} = {58B486E6-DC97-43F7-823F-D0E89B801E4B}
		{1B21BB63-131E-46A7-A52E-95CAA1969739} = {58B486E6-DC97-43F7-823F-D0E89B801E4B}
		{5F56BB70-6D7F-4F60-96DE-B3B86941D16D} = {58B486E6-DC97-43F7-823F-D0E89B801E4B}
		{FAB8BE3D-F15F-44E3-95BE-E6CF9CA56FD3} = {58B486E6-DC97-43F7-823F-D0E89B801E4B}
		{9C5FB792-A223-41D6-A679-66EF23D39AB2} = {58B486E6-DC97-43F7-823F-D0E89B801E4B}
		{5E51F54A-BDD8-4C3A-9E2A-CB01B99E4955} = {58B486E6-DC97-43F7-823F-D0E89B801E4B}
		{C1600B59-2322-4116-898C-9CBBC28E1430} = {58B486E6-DC97-43F7-823F-D0E89B801E4B}
		{3D9C1951-4A86-49E5-9AC3-BD725809E278} = {58B486E6-DC97-43F7-823F-D0E89B801E4B}
		{55470A86-DCF7-4C3D-AE6A-6CB7A6EA2F19} = {58B486E6-DC97-43F7-823F-D0E89B801E4B}
		{6906638A-61B7-4EFF-BBEF-1608047AD5C3} = {58B486E6-DC97-43F7-823F-D0E89B801E4B}
		{91CFADDE-4EF8-499B-BC1C-77DC19836F1F} = {58B486E6-DC97-43F7-823F-D0E89B801E4B}
		{C2472F37-440B-421D-BD52-23A94086A7A2} = {58B486E6-DC97-43F7-823F-D0E89B801E4B}
		{92B8282B-5AD7-4780-B761-EDAB90C5CF7A} = {58B486E6-DC97-43F7-823F-D0E89B801E4B}
		{BFC53F1A-AEFD-4204-9011-A616942E10D1} = {58B486E6-DC97-43F7-823F-D0E89B801E4B}
		{27649A08-2CD2-4104-9C2B-9A5F785CD272} = {58B486E6-DC97-43F7-823F-D0E89B801E4B}
		{E1D4B75F-1C34-45B8-A50F-9C2D78521E25} = {58B486E6-DC97-43F7-823F-D0E89B801E4B}
		{BD11A00C-0E4E-49EB-AAAC-77D75CB2541F} = {58B486E6-DC97-43F7-823F-D0E89B801E4B}
		{C0E0D0EA-7DEE-4BD2-BD5C-B7BB0A30A8BE} = {58B486E6-DC97-43F7-823F-D0E89B801E4B}
		{BD1F545B-25F0-410A-9D5F-B79260FF91D6} = {58B486E6-DC97-43F7-823F-D0E89B801E4B}
		{0541ADA9-9577-4BDE-993F-266C7956C17B} = {58B486E6-DC97-43F7-823F-D0E89B801E4B}
		{7C8F452C-1223-4E8C-8513-ED8EF05CC0E3} = {58B486E6-DC97-43F7-823F-D0E89B801E4B}
		{2B8B80AD-A7D9-497F-883A-39B35D5A0390} = {58B486E6-DC97-43F7-823F-D0E89B801E4B}
		{634307F3-4D9F-4DAB-A7E4-56A96403D9BB} = {58B486E6-DC97-43F7-823F-D0E89B801E4B}
		{38983A69-7773-47F5-8078-3E43FD330ADC} = {58B486E6-DC97-43F7-823F-D0E89B801E4B}
		{25AA0FE0-A09E-40B4-AE13-8AFF161C1BDC} = {E335EF40-F729-4F3F-AD97-CD72516D9C82}
		{AFF1F685-97C4-4260-BFBF-7747F7B9ED46} = {E335EF40-F729-4F3F-AD97-CD72516D9C82}
		{41A78FAF-EC1C-4C8F-9094-0BFC91D52E79} = {E335EF40-F729-4F3F-AD97-CD72516D9C82}
		{B2AF1FA9-FFB1-417F-A844-3FF7E7EF04A0} = {E335EF40-F729-4F3F-AD97-CD72516D9C82}
		{49E06AD5-DF5F-4C27-A501-39FAD08F96F2} = {E335EF40-F729-4F3F-AD97-CD72516D9C82}
		{C601C7D7-342C-454D-942D-AA4C6846E329} = {58B486E6-DC97-43F7-823F-D0E89B801E4B}
	EndGlobalSection
	GlobalSection(ExtensibilityGlobals) = postSolution
		SolutionGuid = {D5D1A382-AFAB-4843-999D-4546773407E9}
	EndGlobalSection
EndGlobal
