
Microsoft Visual Studio Solution File, Format Version 12.00
# Visual Studio Version 16
VisualStudioVersion = 16.0.30011.22
MinimumVisualStudioVersion = 10.0.40219.1
Project("{8BC9CEB8-8B4A-11D0-8D11-00A0C91BC942}") = "124_나라의_숫자", "124_나라의_숫자\124_나라의_숫자.vcxproj", "{4AB202B2-509A-449E-BDF4-B16B6EE5AF14}"
EndProject
Project("{2150E333-8FDC-42A3-9474-1A3956D46DE8}") = "연습문제", "연습문제", "{4D5E0F84-26A4-4560-8926-6BD7182FE861}"
EndProject
Project("{8BC9CEB8-8B4A-11D0-8D11-00A0C91BC942}") = "다리를_지나는_트럭", "다리를_지나는_트럭\다리를_지나는_트럭.vcxproj", "{D1C25D0F-2439-4AD5-8A6E-8C6A32B8A65A}"
EndProject
Project("{8BC9CEB8-8B4A-11D0-8D11-00A0C91BC942}") = "프린터", "프린터\프린터.vcxproj", "{709F750D-9716-457B-A189-B7F4736EBE3E}"
EndProject
Project("{8BC9CEB8-8B4A-11D0-8D11-00A0C91BC942}") = "큰_수_만들기", "큰_수_만들기\큰_수_만들기.vcxproj", "{5E7EF795-781F-4710-98F4-413B9CCC0BBA}"
EndProject
Project("{8BC9CEB8-8B4A-11D0-8D11-00A0C91BC942}") = "가장_큰_수", "가장_큰_수\가장_큰_수.vcxproj", "{9BC7BB5F-63F0-4F96-B3B4-9E047E9D7AE1}"
EndProject
Project("{8BC9CEB8-8B4A-11D0-8D11-00A0C91BC942}") = "구명보트", "구명보트\구명보트.vcxproj", "{7EBBE97E-AEE8-456A-99F4-14EA7081E12D}"
EndProject
Project("{8BC9CEB8-8B4A-11D0-8D11-00A0C91BC942}") = "전화번호_목록", "전화번호_목록\전화번호_목록.vcxproj", "{B9526AB1-F1A8-4DD1-B206-9D28D8B36533}"
EndProject
Project("{8BC9CEB8-8B4A-11D0-8D11-00A0C91BC942}") = "조이스틱", "조이스틱\조이스틱.vcxproj", "{E64AA6CD-0A71-4295-8415-85D1CB9BC6BF}"
EndProject
Project("{8BC9CEB8-8B4A-11D0-8D11-00A0C91BC942}") = "더 맵게", "더 맵게\더 맵게.vcxproj", "{BE4956EF-DC0A-4660-99DE-ADECE7D2C102}"
EndProject
Project("{8BC9CEB8-8B4A-11D0-8D11-00A0C91BC942}") = "H-Index", "H-Index\H-Index.vcxproj", "{97D087A1-D4F9-4CF9-B1D1-ACA5B069DBC3}"
EndProject
Project("{2150E333-8FDC-42A3-9474-1A3956D46DE8}") = "그 외 기출", "그 외 기출", "{694EEC5E-D14B-434C-897C-A2B3108DE2F9}"
EndProject
Project("{8BC9CEB8-8B4A-11D0-8D11-00A0C91BC942}") = "스킬트리", "스킬트리\스킬트리.vcxproj", "{13787939-E8E5-43F5-B41A-4502CE2AE41E}"
EndProject
Project("{8BC9CEB8-8B4A-11D0-8D11-00A0C91BC942}") = "타겟_넘버", "타겟_넘버\타겟_넘버.vcxproj", "{DD14A9E2-B42A-415A-8DCD-AF372BF39670}"
EndProject
Project("{8BC9CEB8-8B4A-11D0-8D11-00A0C91BC942}") = "멀쩡한 사각형", "멀쩡한 사각형\멀쩡한 사각형.vcxproj", "{2CBF5DC1-0C0B-4DCD-A7C2-D84F12B45F37}"
EndProject
Project("{2150E333-8FDC-42A3-9474-1A3956D46DE8}") = "KAKAO", "KAKAO", "{7329405B-93BE-4E05-8628-4B7BEEF167AF}"
EndProject
Project("{8BC9CEB8-8B4A-11D0-8D11-00A0C91BC942}") = "N진수_게임", "N진수_게임\N진수_게임.vcxproj", "{69F0B0FC-CF03-4CC5-A599-E1899758777E}"
EndProject
Project("{8BC9CEB8-8B4A-11D0-8D11-00A0C91BC942}") = "파일명 정렬", "파일명 정렬\파일명 정렬.vcxproj", "{D2E53CF3-C35C-4613-A636-C6337031C2E6}"
EndProject
Project("{8BC9CEB8-8B4A-11D0-8D11-00A0C91BC942}") = "숫자의_표현", "숫자의_표현\숫자의_표현.vcxproj", "{EAFA6155-0D9D-47A4-B3C0-F89BCCEA99FD}"
EndProject
Global
	GlobalSection(SolutionConfigurationPlatforms) = preSolution
		Debug|x64 = Debug|x64
		Debug|x86 = Debug|x86
		Release|x64 = Release|x64
		Release|x86 = Release|x86
	EndGlobalSection
	GlobalSection(ProjectConfigurationPlatforms) = postSolution
		{4AB202B2-509A-449E-BDF4-B16B6EE5AF14}.Debug|x64.ActiveCfg = Debug|x64
		{4AB202B2-509A-449E-BDF4-B16B6EE5AF14}.Debug|x64.Build.0 = Debug|x64
		{4AB202B2-509A-449E-BDF4-B16B6EE5AF14}.Debug|x86.ActiveCfg = Debug|Win32
		{4AB202B2-509A-449E-BDF4-B16B6EE5AF14}.Debug|x86.Build.0 = Debug|Win32
		{4AB202B2-509A-449E-BDF4-B16B6EE5AF14}.Release|x64.ActiveCfg = Release|x64
		{4AB202B2-509A-449E-BDF4-B16B6EE5AF14}.Release|x64.Build.0 = Release|x64
		{4AB202B2-509A-449E-BDF4-B16B6EE5AF14}.Release|x86.ActiveCfg = Release|Win32
		{4AB202B2-509A-449E-BDF4-B16B6EE5AF14}.Release|x86.Build.0 = Release|Win32
		{D1C25D0F-2439-4AD5-8A6E-8C6A32B8A65A}.Debug|x64.ActiveCfg = Debug|x64
		{D1C25D0F-2439-4AD5-8A6E-8C6A32B8A65A}.Debug|x64.Build.0 = Debug|x64
		{D1C25D0F-2439-4AD5-8A6E-8C6A32B8A65A}.Debug|x86.ActiveCfg = Debug|Win32
		{D1C25D0F-2439-4AD5-8A6E-8C6A32B8A65A}.Debug|x86.Build.0 = Debug|Win32
		{D1C25D0F-2439-4AD5-8A6E-8C6A32B8A65A}.Release|x64.ActiveCfg = Release|x64
		{D1C25D0F-2439-4AD5-8A6E-8C6A32B8A65A}.Release|x64.Build.0 = Release|x64
		{D1C25D0F-2439-4AD5-8A6E-8C6A32B8A65A}.Release|x86.ActiveCfg = Release|Win32
		{D1C25D0F-2439-4AD5-8A6E-8C6A32B8A65A}.Release|x86.Build.0 = Release|Win32
		{709F750D-9716-457B-A189-B7F4736EBE3E}.Debug|x64.ActiveCfg = Debug|x64
		{709F750D-9716-457B-A189-B7F4736EBE3E}.Debug|x64.Build.0 = Debug|x64
		{709F750D-9716-457B-A189-B7F4736EBE3E}.Debug|x86.ActiveCfg = Debug|Win32
		{709F750D-9716-457B-A189-B7F4736EBE3E}.Debug|x86.Build.0 = Debug|Win32
		{709F750D-9716-457B-A189-B7F4736EBE3E}.Release|x64.ActiveCfg = Release|x64
		{709F750D-9716-457B-A189-B7F4736EBE3E}.Release|x64.Build.0 = Release|x64
		{709F750D-9716-457B-A189-B7F4736EBE3E}.Release|x86.ActiveCfg = Release|Win32
		{709F750D-9716-457B-A189-B7F4736EBE3E}.Release|x86.Build.0 = Release|Win32
		{5E7EF795-781F-4710-98F4-413B9CCC0BBA}.Debug|x64.ActiveCfg = Debug|x64
		{5E7EF795-781F-4710-98F4-413B9CCC0BBA}.Debug|x64.Build.0 = Debug|x64
		{5E7EF795-781F-4710-98F4-413B9CCC0BBA}.Debug|x86.ActiveCfg = Debug|Win32
		{5E7EF795-781F-4710-98F4-413B9CCC0BBA}.Debug|x86.Build.0 = Debug|Win32
		{5E7EF795-781F-4710-98F4-413B9CCC0BBA}.Release|x64.ActiveCfg = Release|x64
		{5E7EF795-781F-4710-98F4-413B9CCC0BBA}.Release|x64.Build.0 = Release|x64
		{5E7EF795-781F-4710-98F4-413B9CCC0BBA}.Release|x86.ActiveCfg = Release|Win32
		{5E7EF795-781F-4710-98F4-413B9CCC0BBA}.Release|x86.Build.0 = Release|Win32
		{9BC7BB5F-63F0-4F96-B3B4-9E047E9D7AE1}.Debug|x64.ActiveCfg = Debug|x64
		{9BC7BB5F-63F0-4F96-B3B4-9E047E9D7AE1}.Debug|x64.Build.0 = Debug|x64
		{9BC7BB5F-63F0-4F96-B3B4-9E047E9D7AE1}.Debug|x86.ActiveCfg = Debug|Win32
		{9BC7BB5F-63F0-4F96-B3B4-9E047E9D7AE1}.Debug|x86.Build.0 = Debug|Win32
		{9BC7BB5F-63F0-4F96-B3B4-9E047E9D7AE1}.Release|x64.ActiveCfg = Release|x64
		{9BC7BB5F-63F0-4F96-B3B4-9E047E9D7AE1}.Release|x64.Build.0 = Release|x64
		{9BC7BB5F-63F0-4F96-B3B4-9E047E9D7AE1}.Release|x86.ActiveCfg = Release|Win32
		{9BC7BB5F-63F0-4F96-B3B4-9E047E9D7AE1}.Release|x86.Build.0 = Release|Win32
		{7EBBE97E-AEE8-456A-99F4-14EA7081E12D}.Debug|x64.ActiveCfg = Debug|x64
		{7EBBE97E-AEE8-456A-99F4-14EA7081E12D}.Debug|x64.Build.0 = Debug|x64
		{7EBBE97E-AEE8-456A-99F4-14EA7081E12D}.Debug|x86.ActiveCfg = Debug|Win32
		{7EBBE97E-AEE8-456A-99F4-14EA7081E12D}.Debug|x86.Build.0 = Debug|Win32
		{7EBBE97E-AEE8-456A-99F4-14EA7081E12D}.Release|x64.ActiveCfg = Release|x64
		{7EBBE97E-AEE8-456A-99F4-14EA7081E12D}.Release|x64.Build.0 = Release|x64
		{7EBBE97E-AEE8-456A-99F4-14EA7081E12D}.Release|x86.ActiveCfg = Release|Win32
		{7EBBE97E-AEE8-456A-99F4-14EA7081E12D}.Release|x86.Build.0 = Release|Win32
		{B9526AB1-F1A8-4DD1-B206-9D28D8B36533}.Debug|x64.ActiveCfg = Debug|x64
		{B9526AB1-F1A8-4DD1-B206-9D28D8B36533}.Debug|x64.Build.0 = Debug|x64
		{B9526AB1-F1A8-4DD1-B206-9D28D8B36533}.Debug|x86.ActiveCfg = Debug|Win32
		{B9526AB1-F1A8-4DD1-B206-9D28D8B36533}.Debug|x86.Build.0 = Debug|Win32
		{B9526AB1-F1A8-4DD1-B206-9D28D8B36533}.Release|x64.ActiveCfg = Release|x64
		{B9526AB1-F1A8-4DD1-B206-9D28D8B36533}.Release|x64.Build.0 = Release|x64
		{B9526AB1-F1A8-4DD1-B206-9D28D8B36533}.Release|x86.ActiveCfg = Release|Win32
		{B9526AB1-F1A8-4DD1-B206-9D28D8B36533}.Release|x86.Build.0 = Release|Win32
		{E64AA6CD-0A71-4295-8415-85D1CB9BC6BF}.Debug|x64.ActiveCfg = Debug|x64
		{E64AA6CD-0A71-4295-8415-85D1CB9BC6BF}.Debug|x64.Build.0 = Debug|x64
		{E64AA6CD-0A71-4295-8415-85D1CB9BC6BF}.Debug|x86.ActiveCfg = Debug|Win32
		{E64AA6CD-0A71-4295-8415-85D1CB9BC6BF}.Debug|x86.Build.0 = Debug|Win32
		{E64AA6CD-0A71-4295-8415-85D1CB9BC6BF}.Release|x64.ActiveCfg = Release|x64
		{E64AA6CD-0A71-4295-8415-85D1CB9BC6BF}.Release|x64.Build.0 = Release|x64
		{E64AA6CD-0A71-4295-8415-85D1CB9BC6BF}.Release|x86.ActiveCfg = Release|Win32
		{E64AA6CD-0A71-4295-8415-85D1CB9BC6BF}.Release|x86.Build.0 = Release|Win32
		{BE4956EF-DC0A-4660-99DE-ADECE7D2C102}.Debug|x64.ActiveCfg = Debug|x64
		{BE4956EF-DC0A-4660-99DE-ADECE7D2C102}.Debug|x64.Build.0 = Debug|x64
		{BE4956EF-DC0A-4660-99DE-ADECE7D2C102}.Debug|x86.ActiveCfg = Debug|Win32
		{BE4956EF-DC0A-4660-99DE-ADECE7D2C102}.Debug|x86.Build.0 = Debug|Win32
		{BE4956EF-DC0A-4660-99DE-ADECE7D2C102}.Release|x64.ActiveCfg = Release|x64
		{BE4956EF-DC0A-4660-99DE-ADECE7D2C102}.Release|x64.Build.0 = Release|x64
		{BE4956EF-DC0A-4660-99DE-ADECE7D2C102}.Release|x86.ActiveCfg = Release|Win32
		{BE4956EF-DC0A-4660-99DE-ADECE7D2C102}.Release|x86.Build.0 = Release|Win32
		{97D087A1-D4F9-4CF9-B1D1-ACA5B069DBC3}.Debug|x64.ActiveCfg = Debug|x64
		{97D087A1-D4F9-4CF9-B1D1-ACA5B069DBC3}.Debug|x64.Build.0 = Debug|x64
		{97D087A1-D4F9-4CF9-B1D1-ACA5B069DBC3}.Debug|x86.ActiveCfg = Debug|Win32
		{97D087A1-D4F9-4CF9-B1D1-ACA5B069DBC3}.Debug|x86.Build.0 = Debug|Win32
		{97D087A1-D4F9-4CF9-B1D1-ACA5B069DBC3}.Release|x64.ActiveCfg = Release|x64
		{97D087A1-D4F9-4CF9-B1D1-ACA5B069DBC3}.Release|x64.Build.0 = Release|x64
		{97D087A1-D4F9-4CF9-B1D1-ACA5B069DBC3}.Release|x86.ActiveCfg = Release|Win32
		{97D087A1-D4F9-4CF9-B1D1-ACA5B069DBC3}.Release|x86.Build.0 = Release|Win32
		{13787939-E8E5-43F5-B41A-4502CE2AE41E}.Debug|x64.ActiveCfg = Debug|x64
		{13787939-E8E5-43F5-B41A-4502CE2AE41E}.Debug|x64.Build.0 = Debug|x64
		{13787939-E8E5-43F5-B41A-4502CE2AE41E}.Debug|x86.ActiveCfg = Debug|Win32
		{13787939-E8E5-43F5-B41A-4502CE2AE41E}.Debug|x86.Build.0 = Debug|Win32
		{13787939-E8E5-43F5-B41A-4502CE2AE41E}.Release|x64.ActiveCfg = Release|x64
		{13787939-E8E5-43F5-B41A-4502CE2AE41E}.Release|x64.Build.0 = Release|x64
		{13787939-E8E5-43F5-B41A-4502CE2AE41E}.Release|x86.ActiveCfg = Release|Win32
		{13787939-E8E5-43F5-B41A-4502CE2AE41E}.Release|x86.Build.0 = Release|Win32
		{DD14A9E2-B42A-415A-8DCD-AF372BF39670}.Debug|x64.ActiveCfg = Debug|x64
		{DD14A9E2-B42A-415A-8DCD-AF372BF39670}.Debug|x64.Build.0 = Debug|x64
		{DD14A9E2-B42A-415A-8DCD-AF372BF39670}.Debug|x86.ActiveCfg = Debug|Win32
		{DD14A9E2-B42A-415A-8DCD-AF372BF39670}.Debug|x86.Build.0 = Debug|Win32
		{DD14A9E2-B42A-415A-8DCD-AF372BF39670}.Release|x64.ActiveCfg = Release|x64
		{DD14A9E2-B42A-415A-8DCD-AF372BF39670}.Release|x64.Build.0 = Release|x64
		{DD14A9E2-B42A-415A-8DCD-AF372BF39670}.Release|x86.ActiveCfg = Release|Win32
		{DD14A9E2-B42A-415A-8DCD-AF372BF39670}.Release|x86.Build.0 = Release|Win32
		{2CBF5DC1-0C0B-4DCD-A7C2-D84F12B45F37}.Debug|x64.ActiveCfg = Debug|x64
		{2CBF5DC1-0C0B-4DCD-A7C2-D84F12B45F37}.Debug|x64.Build.0 = Debug|x64
		{2CBF5DC1-0C0B-4DCD-A7C2-D84F12B45F37}.Debug|x86.ActiveCfg = Debug|Win32
		{2CBF5DC1-0C0B-4DCD-A7C2-D84F12B45F37}.Debug|x86.Build.0 = Debug|Win32
		{2CBF5DC1-0C0B-4DCD-A7C2-D84F12B45F37}.Release|x64.ActiveCfg = Release|x64
		{2CBF5DC1-0C0B-4DCD-A7C2-D84F12B45F37}.Release|x64.Build.0 = Release|x64
		{2CBF5DC1-0C0B-4DCD-A7C2-D84F12B45F37}.Release|x86.ActiveCfg = Release|Win32
		{2CBF5DC1-0C0B-4DCD-A7C2-D84F12B45F37}.Release|x86.Build.0 = Release|Win32
		{69F0B0FC-CF03-4CC5-A599-E1899758777E}.Debug|x64.ActiveCfg = Debug|x64
		{69F0B0FC-CF03-4CC5-A599-E1899758777E}.Debug|x64.Build.0 = Debug|x64
		{69F0B0FC-CF03-4CC5-A599-E1899758777E}.Debug|x86.ActiveCfg = Debug|Win32
		{69F0B0FC-CF03-4CC5-A599-E1899758777E}.Debug|x86.Build.0 = Debug|Win32
		{69F0B0FC-CF03-4CC5-A599-E1899758777E}.Release|x64.ActiveCfg = Release|x64
		{69F0B0FC-CF03-4CC5-A599-E1899758777E}.Release|x64.Build.0 = Release|x64
		{69F0B0FC-CF03-4CC5-A599-E1899758777E}.Release|x86.ActiveCfg = Release|Win32
		{69F0B0FC-CF03-4CC5-A599-E1899758777E}.Release|x86.Build.0 = Release|Win32
		{D2E53CF3-C35C-4613-A636-C6337031C2E6}.Debug|x64.ActiveCfg = Debug|x64
		{D2E53CF3-C35C-4613-A636-C6337031C2E6}.Debug|x64.Build.0 = Debug|x64
		{D2E53CF3-C35C-4613-A636-C6337031C2E6}.Debug|x86.ActiveCfg = Debug|Win32
		{D2E53CF3-C35C-4613-A636-C6337031C2E6}.Debug|x86.Build.0 = Debug|Win32
		{D2E53CF3-C35C-4613-A636-C6337031C2E6}.Release|x64.ActiveCfg = Release|x64
		{D2E53CF3-C35C-4613-A636-C6337031C2E6}.Release|x64.Build.0 = Release|x64
		{D2E53CF3-C35C-4613-A636-C6337031C2E6}.Release|x86.ActiveCfg = Release|Win32
		{D2E53CF3-C35C-4613-A636-C6337031C2E6}.Release|x86.Build.0 = Release|Win32
		{EAFA6155-0D9D-47A4-B3C0-F89BCCEA99FD}.Debug|x64.ActiveCfg = Debug|x64
		{EAFA6155-0D9D-47A4-B3C0-F89BCCEA99FD}.Debug|x64.Build.0 = Debug|x64
		{EAFA6155-0D9D-47A4-B3C0-F89BCCEA99FD}.Debug|x86.ActiveCfg = Debug|Win32
		{EAFA6155-0D9D-47A4-B3C0-F89BCCEA99FD}.Debug|x86.Build.0 = Debug|Win32
		{EAFA6155-0D9D-47A4-B3C0-F89BCCEA99FD}.Release|x64.ActiveCfg = Release|x64
		{EAFA6155-0D9D-47A4-B3C0-F89BCCEA99FD}.Release|x64.Build.0 = Release|x64
		{EAFA6155-0D9D-47A4-B3C0-F89BCCEA99FD}.Release|x86.ActiveCfg = Release|Win32
		{EAFA6155-0D9D-47A4-B3C0-F89BCCEA99FD}.Release|x86.Build.0 = Release|Win32
	EndGlobalSection
	GlobalSection(SolutionProperties) = preSolution
		HideSolutionNode = FALSE
	EndGlobalSection
	GlobalSection(NestedProjects) = preSolution
		{4AB202B2-509A-449E-BDF4-B16B6EE5AF14} = {4D5E0F84-26A4-4560-8926-6BD7182FE861}
		{D1C25D0F-2439-4AD5-8A6E-8C6A32B8A65A} = {4D5E0F84-26A4-4560-8926-6BD7182FE861}
		{709F750D-9716-457B-A189-B7F4736EBE3E} = {4D5E0F84-26A4-4560-8926-6BD7182FE861}
		{5E7EF795-781F-4710-98F4-413B9CCC0BBA} = {4D5E0F84-26A4-4560-8926-6BD7182FE861}
		{9BC7BB5F-63F0-4F96-B3B4-9E047E9D7AE1} = {4D5E0F84-26A4-4560-8926-6BD7182FE861}
		{7EBBE97E-AEE8-456A-99F4-14EA7081E12D} = {4D5E0F84-26A4-4560-8926-6BD7182FE861}
		{B9526AB1-F1A8-4DD1-B206-9D28D8B36533} = {4D5E0F84-26A4-4560-8926-6BD7182FE861}
		{E64AA6CD-0A71-4295-8415-85D1CB9BC6BF} = {4D5E0F84-26A4-4560-8926-6BD7182FE861}
		{BE4956EF-DC0A-4660-99DE-ADECE7D2C102} = {4D5E0F84-26A4-4560-8926-6BD7182FE861}
		{97D087A1-D4F9-4CF9-B1D1-ACA5B069DBC3} = {4D5E0F84-26A4-4560-8926-6BD7182FE861}
		{13787939-E8E5-43F5-B41A-4502CE2AE41E} = {694EEC5E-D14B-434C-897C-A2B3108DE2F9}
		{DD14A9E2-B42A-415A-8DCD-AF372BF39670} = {4D5E0F84-26A4-4560-8926-6BD7182FE861}
		{2CBF5DC1-0C0B-4DCD-A7C2-D84F12B45F37} = {694EEC5E-D14B-434C-897C-A2B3108DE2F9}
		{69F0B0FC-CF03-4CC5-A599-E1899758777E} = {7329405B-93BE-4E05-8628-4B7BEEF167AF}
		{D2E53CF3-C35C-4613-A636-C6337031C2E6} = {7329405B-93BE-4E05-8628-4B7BEEF167AF}
		{EAFA6155-0D9D-47A4-B3C0-F89BCCEA99FD} = {4D5E0F84-26A4-4560-8926-6BD7182FE861}
	EndGlobalSection
	GlobalSection(ExtensibilityGlobals) = postSolution
		SolutionGuid = {628046B7-1289-4F26-8B62-27B2B7DAEE8F}
	EndGlobalSection
EndGlobal
